devDependencies:
  fs-extra: 9.1.0
  markmap-lib: 0.11.6
lockfileVersion: 5.2
packages:
  /@babel/runtime/7.13.10:
    dependencies:
      regenerator-runtime: 0.13.7
    dev: true
    resolution:
      integrity: sha1-R9QqV7YJX0Ro2kQDiP262L6/DX0=
      tarball: '@babel/runtime/download/@babel/runtime-7.13.10.tgz'
  /argparse/1.0.10:
    dependencies:
      sprintf-js: 1.0.3
    dev: true
    resolution:
      integrity: sha1-vNZ5HqWuCXJeF+WtmIE0zUCz2RE=
      tarball: argparse/download/argparse-1.0.10.tgz
  /at-least-node/1.0.0:
    dev: true
    engines:
      node: '>= 4.0.0'
    resolution:
      integrity: sha1-YCzUtG6EStTv/JKoARo8RuAjjcI=
      tarball: at-least-node/download/at-least-node-1.0.0.tgz
  /autolinker/3.14.3:
    dependencies:
      tslib: 1.14.1
    dev: true
    resolution:
      integrity: sha1-xhxCS8YHe88vxigDgD7C9Y4Vp+w=
      tarball: autolinker/download/autolinker-3.14.3.tgz
  /clipboard/2.0.8:
    dependencies:
      good-listener: 1.2.2
      select: 1.1.2
      tiny-emitter: 2.1.0
    dev: true
    optional: true
    resolution:
      integrity: sha1-/8bBA90pZ6gwBfP2GXaqRlWkzbo=
      tarball: clipboard/download/clipboard-2.0.8.tgz
  /commander/2.20.3:
    dev: true
    resolution:
      integrity: sha1-/UhehMA+tIgcIHIrpIA16FMa6zM=
      tarball: commander/download/commander-2.20.3.tgz
  /delegate/3.2.0:
    dev: true
    optional: true
    resolution:
      integrity: sha1-tmtxwxWFIuirV0T3INjKDCr1kWY=
      tarball: delegate/download/delegate-3.2.0.tgz
  /fs-extra/9.1.0:
    dependencies:
      at-least-node: 1.0.0
      graceful-fs: 4.2.6
      jsonfile: 6.1.0
      universalify: 2.0.0
    dev: true
    engines:
      node: '>=10'
    resolution:
      integrity: sha1-WVRGDHZKjaIJS6NVS/g55rmnyG0=
      tarball: fs-extra/download/fs-extra-9.1.0.tgz?cache=0&sync_timestamp=1611110039897&other_urls=https%3A%2F%2Fregistry.npm.taobao.org%2Ffs-extra%2Fdownload%2Ffs-extra-9.1.0.tgz
  /good-listener/1.2.2:
    dependencies:
      delegate: 3.2.0
    dev: true
    optional: true
    resolution:
      integrity: sha1-1TswzfkxPf+33JoNR3CWqm0UXFA=
      tarball: good-listener/download/good-listener-1.2.2.tgz
  /graceful-fs/4.2.6:
    dev: true
    resolution:
      integrity: sha1-/wQLKwhTsjw9MQJ1I3BvGIXXa+4=
      tarball: graceful-fs/download/graceful-fs-4.2.6.tgz
  /jsonfile/6.1.0:
    dependencies:
      universalify: 2.0.0
    dev: true
    optionalDependencies:
      graceful-fs: 4.2.6
    resolution:
      integrity: sha1-vFWyY0eTxnnsZAMJTrE2mKbsCq4=
      tarball: jsonfile/download/jsonfile-6.1.0.tgz
  /katex/0.12.0:
    dependencies:
      commander: 2.20.3
    dev: true
    hasBin: true
    resolution:
      integrity: sha1-L7HGZdvSsEPtz4ofXFVfRr6qDLk=
      tarball: katex/download/katex-0.12.0.tgz
  /markmap-common/0.1.5:
    dependencies:
      '@babel/runtime': 7.13.10
    dev: true
    resolution:
      integrity: sha1-9I56usV5DHLVq1VCmiFKy+FnCSI=
      tarball: markmap-common/download/markmap-common-0.1.5.tgz
  /markmap-lib/0.11.6:
    dependencies:
      '@babel/runtime': 7.13.10
      katex: 0.12.0
      markmap-common: 0.1.5
      prismjs: 1.23.0
      remarkable: 2.0.1
      remarkable-katex: 1.1.7
    dev: true
    engines:
      node: '>=10'
    resolution:
      integrity: sha1-9XiD+bcDUOrZTtLVaSYWa216su8=
      tarball: markmap-lib/download/markmap-lib-0.11.6.tgz
  /prismjs/1.23.0:
    dev: true
    optionalDependencies:
      clipboard: 2.0.8
    resolution:
      integrity: sha1-07OWf31yRAaQSXZSqdQP8EYGfzM=
      tarball: prismjs/download/prismjs-1.23.0.tgz
  /regenerator-runtime/0.13.7:
    dev: true
    resolution:
      integrity: sha1-ysLazIoepnX+qrrriugziYrkb1U=
      tarball: regenerator-runtime/download/regenerator-runtime-0.13.7.tgz
  /remarkable-katex/1.1.7:
    dev: true
    resolution:
      integrity: sha1-+r9chVyjaI31fEsmvASak3GbotI=
      tarball: remarkable-katex/download/remarkable-katex-1.1.7.tgz
  /remarkable/2.0.1:
    dependencies:
      argparse: 1.0.10
      autolinker: 3.14.3
    dev: true
    engines:
      node: '>= 6.0.0'
    hasBin: true
    resolution:
      integrity: sha1-KArmYnOE37E9mO45lWJ8pVChLzE=
      tarball: remarkable/download/remarkable-2.0.1.tgz
  /select/1.1.2:
    dev: true
    optional: true
    resolution:
      integrity: sha1-DnNQrN7ICxEIUoeG7B1EGNEbOW0=
      tarball: select/download/select-1.1.2.tgz
  /sprintf-js/1.0.3:
    dev: true
    resolution:
      integrity: sha1-BOaSb2YolTVPPdAVIDYzuFcpfiw=
      tarball: sprintf-js/download/sprintf-js-1.0.3.tgz
  /tiny-emitter/2.1.0:
    dev: true
    optional: true
    resolution:
      integrity: sha1-HRpW7fxRxD6GPLtTgqcjMONVVCM=
      tarball: tiny-emitter/download/tiny-emitter-2.1.0.tgz
  /tslib/1.14.1:
    dev: true
    resolution:
      integrity: sha1-zy04vcNKE0vK8QkcQfZhni9nLQA=
      tarball: tslib/download/tslib-1.14.1.tgz
  /universalify/2.0.0:
    dev: true
    engines:
      node: '>= 10.0.0'
    resolution:
      integrity: sha1-daSYTv7cSwiXXFrrc/Uw0C3yVxc=
      tarball: universalify/download/universalify-2.0.0.tgz
specifiers:
  fs-extra: ^9.0.1
  markmap-lib: ^0.11.1
